PATH
  remote: .
  specs:
    trak_flow (0.1.0)
      anyway_config (~> 2.0)
      debug_me
      fast-mcp
      oj (~> 3.16)
      pastel (~> 0.8)
      puma (~> 6.0)
      rackup (~> 2.0)
      sequel (~> 5.0)
      sqlite3 (~> 2.0)
      thor (~> 1.3)
      tty-spinner (~> 0.9)
      tty-table (~> 0.12)

GEM
  remote: https://rubygems.org/
  specs:
    addressable (2.8.8)
      public_suffix (>= 2.0.2, < 8.0)
    ansi (1.5.0)
    anyway_config (2.7.2)
      ruby-next-core (~> 1.0)
    ast (2.4.3)
    base64 (0.3.0)
    bigdecimal (3.3.1)
    builder (3.3.0)
    concurrent-ruby (1.3.6)
    debug_me (1.1.3)
    docile (1.4.1)
    dry-configurable (1.3.0)
      dry-core (~> 1.1)
      zeitwerk (~> 2.6)
    dry-core (1.2.0)
      concurrent-ruby (~> 1.0)
      logger
      zeitwerk (~> 2.6)
    dry-inflector (1.2.0)
    dry-initializer (3.2.0)
    dry-logic (1.6.0)
      bigdecimal
      concurrent-ruby (~> 1.0)
      dry-core (~> 1.1)
      zeitwerk (~> 2.6)
    dry-schema (1.14.1)
      concurrent-ruby (~> 1.0)
      dry-configurable (~> 1.0, >= 1.0.1)
      dry-core (~> 1.1)
      dry-initializer (~> 3.2)
      dry-logic (~> 1.5)
      dry-types (~> 1.8)
      zeitwerk (~> 2.6)
    dry-types (1.8.3)
      bigdecimal (~> 3.0)
      concurrent-ruby (~> 1.0)
      dry-core (~> 1.0)
      dry-inflector (~> 1.0)
      dry-logic (~> 1.4)
      zeitwerk (~> 2.6)
    event_stream_parser (1.0.0)
    faraday (2.14.0)
      faraday-net_http (>= 2.0, < 3.5)
      json
      logger
    faraday-multipart (1.2.0)
      multipart-post (~> 2.0)
    faraday-net_http (3.4.2)
      net-http (~> 0.5)
    faraday-retry (2.4.0)
      faraday (~> 2.0)
    fast-mcp (1.6.0)
      addressable (~> 2.8)
      base64
      dry-schema (~> 1.14)
      json (~> 2.0)
      mime-types (~> 3.4)
      rack (>= 2.0, < 4.0)
    http-2 (1.1.1)
    httpx (1.7.0)
      http-2 (>= 1.0.0)
    json (2.18.0)
    json-schema (5.2.2)
      addressable (~> 2.8)
      bigdecimal (~> 3.1)
    language_server-protocol (3.17.0.5)
    lint_roller (1.1.0)
    logger (1.7.0)
    marcel (1.1.0)
    mime-types (3.7.0)
      logger
      mime-types-data (~> 3.2025, >= 3.2025.0507)
    mime-types-data (3.2025.0924)
    minitest (5.27.0)
    minitest-reporters (1.7.1)
      ansi
      builder
      minitest (>= 5.0)
      ruby-progressbar
    multipart-post (2.4.1)
    net-http (0.9.1)
      uri (>= 0.11.1)
    nio4r (2.7.5)
    oj (3.16.13)
      bigdecimal (>= 3.0)
      ostruct (>= 0.2)
    ostruct (0.6.3)
    parallel (1.27.0)
    parser (3.3.10.0)
      ast (~> 2.4.1)
      racc
    pastel (0.8.0)
      tty-color (~> 0.5)
    prism (1.7.0)
    public_suffix (7.0.0)
    puma (6.6.1)
      nio4r (~> 2.0)
    racc (1.8.1)
    rack (3.2.4)
    rackup (2.3.1)
      rack (>= 3)
    rainbow (3.1.1)
    rake (13.3.1)
    regexp_parser (2.11.3)
    rubocop (1.82.1)
      json (~> 2.3)
      language_server-protocol (~> 3.17.0.2)
      lint_roller (~> 1.1.0)
      parallel (~> 1.10)
      parser (>= 3.3.0.2)
      rainbow (>= 2.2.2, < 4.0)
      regexp_parser (>= 2.9.3, < 3.0)
      rubocop-ast (>= 1.48.0, < 2.0)
      ruby-progressbar (~> 1.7)
      unicode-display_width (>= 2.4.0, < 4.0)
    rubocop-ast (1.49.0)
      parser (>= 3.3.7.2)
      prism (~> 1.7)
    ruby-next-core (1.1.2)
    ruby-progressbar (1.13.0)
    ruby_llm (1.9.1)
      base64
      event_stream_parser (~> 1)
      faraday (>= 1.10.0)
      faraday-multipart (>= 1)
      faraday-net_http (>= 1)
      faraday-retry (>= 1)
      marcel (~> 1.0)
      ruby_llm-schema (~> 0.2.1)
      zeitwerk (~> 2)
    ruby_llm-mcp (0.8.0)
      httpx (~> 1.4)
      json-schema (~> 5.0)
      ruby_llm (~> 1.9)
      zeitwerk (~> 2)
    ruby_llm-schema (0.2.5)
    sequel (5.100.0)
      bigdecimal
    simplecov (0.22.0)
      docile (~> 1.1)
      simplecov-html (~> 0.11)
      simplecov_json_formatter (~> 0.1)
    simplecov-html (0.13.2)
    simplecov_json_formatter (0.1.4)
    sqlite3 (2.9.0-arm64-darwin)
    strings (0.2.1)
      strings-ansi (~> 0.2)
      unicode-display_width (>= 1.5, < 3.0)
      unicode_utils (~> 1.4)
    strings-ansi (0.2.0)
    thor (1.4.0)
    tty-color (0.6.0)
    tty-cursor (0.7.1)
    tty-screen (0.8.2)
    tty-spinner (0.9.3)
      tty-cursor (~> 0.7)
    tty-table (0.12.0)
      pastel (~> 0.8)
      strings (~> 0.2.0)
      tty-screen (~> 0.8)
    unicode-display_width (2.6.0)
    unicode_utils (1.4.0)
    uri (1.1.1)
    zeitwerk (2.7.4)

PLATFORMS
  arm64-darwin

DEPENDENCIES
  bundler
  minitest (~> 5.0)
  minitest-reporters (~> 1.6)
  rake (~> 13.0)
  rubocop (~> 1.0)
  ruby_llm
  ruby_llm-mcp
  simplecov (~> 0.22)
  trak_flow!

CHECKSUMS
  addressable (2.8.8) sha256=7c13b8f9536cf6364c03b9d417c19986019e28f7c00ac8132da4eb0fe393b057
  ansi (1.5.0) sha256=5408253274e33d9d27d4a98c46d2998266fd51cba58a7eb9d08f50e57ed23592
  anyway_config (2.7.2) sha256=30f6b087c0b41afdd43fe46c81d65a16f052a8489dab453abaeb4ea67aa74bad
  ast (2.4.3) sha256=954615157c1d6a382bc27d690d973195e79db7f55e9765ac7c481c60bdb4d383
  base64 (0.3.0) sha256=27337aeabad6ffae05c265c450490628ef3ebd4b67be58257393227588f5a97b
  bigdecimal (3.3.1) sha256=eaa01e228be54c4f9f53bf3cc34fe3d5e845c31963e7fcc5bedb05a4e7d52218
  builder (3.3.0) sha256=497918d2f9dca528fdca4b88d84e4ef4387256d984b8154e9d5d3fe5a9c8835f
  concurrent-ruby (1.3.6) sha256=6b56837e1e7e5292f9864f34b69c5a2cbc75c0cf5338f1ce9903d10fa762d5ab
  debug_me (1.1.3) sha256=ae8cf61993350d9b3cbe337a7f9a0f595be5b4976c10891a4e1eacc63d09f717
  docile (1.4.1) sha256=96159be799bfa73cdb721b840e9802126e4e03dfc26863db73647204c727f21e
  dry-configurable (1.3.0) sha256=882d862858567fc1210d2549d4c090f34370fc1bb7c5c1933de3fe792e18afa8
  dry-core (1.2.0) sha256=0cc5a7da88df397f153947eeeae42e876e999c1e30900f3c536fb173854e96a1
  dry-inflector (1.2.0) sha256=22f5d0b50fd57074ae57e2ca17e3b300e57564c218269dcf82ff3e42d3f38f2e
  dry-initializer (3.2.0) sha256=37d59798f912dc0a1efe14a4db4a9306989007b302dcd5f25d0a2a20c166c4e3
  dry-logic (1.6.0) sha256=da6fedbc0f90fc41f9b0cc7e6f05f5d529d1efaef6c8dcc8e0733f685745cea2
  dry-schema (1.14.1) sha256=2fcd7539a7099cacae6a22f6a3a2c1846fe5afeb1c841cde432c89c6cb9b9ff1
  dry-types (1.8.3) sha256=b5d97a45e0ed273131c0c3d5bc9f5633c2d1242e092ee47401ce7d5eab65c1bc
  event_stream_parser (1.0.0) sha256=a2683bab70126286f8184dc88f7968ffc4028f813161fb073ec90d171f7de3c8
  faraday (2.14.0) sha256=8699cfe5d97e55268f2596f9a9d5a43736808a943714e3d9a53e6110593941cd
  faraday-multipart (1.2.0) sha256=7d89a949693714176f612323ca13746a2ded204031a6ba528adee788694ef757
  faraday-net_http (3.4.2) sha256=f147758260d3526939bf57ecf911682f94926a3666502e24c69992765875906c
  faraday-retry (2.4.0) sha256=7b79c48fb7e56526faf247b12d94a680071ff40c9fda7cf1ec1549439ad11ebe
  fast-mcp (1.6.0) sha256=d68abb45d2daab9e7ae2934417460e4bf9ac87493c585dc5bb626f1afb7d12c4
  http-2 (1.1.1) sha256=1141a5a03c2f4e6b8d2fa62394de581e1ff6387711cd7ed577212e9d95562bba
  httpx (1.7.0) sha256=e219689555951f9c13c40862da120cdd2535e1454189bed589f04d7059557154
  json (2.18.0) sha256=b10506aee4183f5cf49e0efc48073d7b75843ce3782c68dbeb763351c08fd505
  json-schema (5.2.2) sha256=60beae0ed79ca9c552854c9ebfd44f50f77bd0c3144526d46afec384509940d5
  language_server-protocol (3.17.0.5) sha256=fd1e39a51a28bf3eec959379985a72e296e9f9acfce46f6a79d31ca8760803cc
  lint_roller (1.1.0) sha256=2c0c845b632a7d172cb849cc90c1bce937a28c5c8ccccb50dfd46a485003cc87
  logger (1.7.0) sha256=196edec7cc44b66cfb40f9755ce11b392f21f7967696af15d274dde7edff0203
  marcel (1.1.0) sha256=fdcfcfa33cc52e93c4308d40e4090a5d4ea279e160a7f6af988260fa970e0bee
  mime-types (3.7.0) sha256=dcebf61c246f08e15a4de34e386ebe8233791e868564a470c3fe77c00eed5e56
  mime-types-data (3.2025.0924) sha256=f276bca15e59f35767cbcf2bc10e023e9200b30bd6a572c1daf7f4cc24994728
  minitest (5.27.0) sha256=2d3b17f8a36fe7801c1adcffdbc38233b938eb0b4966e97a6739055a45fa77d5
  minitest-reporters (1.7.1) sha256=5060413a0c95b8c32fe73e0606f3631c173a884d7900e50013e15094eb50562c
  multipart-post (2.4.1) sha256=9872d03a8e552020ca096adadbf5e3cb1cd1cdd6acd3c161136b8a5737cdb4a8
  net-http (0.9.1) sha256=25ba0b67c63e89df626ed8fac771d0ad24ad151a858af2cc8e6a716ca4336996
  nio4r (2.7.5) sha256=6c90168e48fb5f8e768419c93abb94ba2b892a1d0602cb06eef16d8b7df1dca1
  oj (3.16.13) sha256=b114bcb83ef884f1736b3112108f77cf9ca90aa8111a775318cc5d7a6a1e0303
  ostruct (0.6.3) sha256=95a2ed4a4bd1d190784e666b47b2d3f078e4a9efda2fccf18f84ddc6538ed912
  parallel (1.27.0) sha256=4ac151e1806b755fb4e2dc2332cbf0e54f2e24ba821ff2d3dcf86bf6dc4ae130
  parser (3.3.10.0) sha256=ce3587fa5cc55a88c4ba5b2b37621b3329aadf5728f9eafa36bbd121462aabd6
  pastel (0.8.0) sha256=481da9fb7d2f6e6b1a08faf11fa10363172dc40fd47848f096ae21209f805a75
  prism (1.7.0) sha256=10062f734bf7985c8424c44fac382ac04a58124ea3d220ec3ba9fe4f2da65103
  public_suffix (7.0.0) sha256=f7090b5beb0e56f9f10d79eed4d5fbe551b3b425da65877e075dad47a6a1b095
  puma (6.6.1) sha256=b9b56e4a4ea75d1bfa6d9e1972ee2c9f43d0883f011826d914e8e37b3694ea1e
  racc (1.8.1) sha256=4a7f6929691dbec8b5209a0b373bc2614882b55fc5d2e447a21aaa691303d62f
  rack (3.2.4) sha256=5d74b6f75082a643f43c1e76b419c40f0e5527fcfee1e669ac1e6b73c0ccb6f6
  rackup (2.3.1) sha256=6c79c26753778e90983761d677a48937ee3192b3ffef6bc963c0950f94688868
  rainbow (3.1.1) sha256=039491aa3a89f42efa1d6dec2fc4e62ede96eb6acd95e52f1ad581182b79bc6a
  rake (13.3.1) sha256=8c9e89d09f66a26a01264e7e3480ec0607f0c497a861ef16063604b1b08eb19c
  regexp_parser (2.11.3) sha256=ca13f381a173b7a93450e53459075c9b76a10433caadcb2f1180f2c741fc55a4
  rubocop (1.82.1) sha256=09f1a6a654a960eda767aebea33e47603080f8e9c9a3f019bf9b94c9cab5e273
  rubocop-ast (1.49.0) sha256=49c3676d3123a0923d333e20c6c2dbaaae2d2287b475273fddee0c61da9f71fd
  ruby-next-core (1.1.2) sha256=1b095fe2e45929f2581b3ecdb8d92b601ce4d72c12a466057c10e23b6f0c4512
  ruby-progressbar (1.13.0) sha256=80fc9c47a9b640d6834e0dc7b3c94c9df37f08cb072b7761e4a71e22cff29b33
  ruby_llm (1.9.1) sha256=f7d3c72489c70041ee73d7bfe4250a989f801fbba1fad2200904091e433ba511
  ruby_llm-mcp (0.8.0) sha256=74350b6c08eeb8bf1c387dc7192bb21bad8415d21277b9a922c182b2e8c29915
  ruby_llm-schema (0.2.5) sha256=b08cd42e8de7100325e2e868672a56f1915eb23692bb808f51f214e41392104f
  sequel (5.100.0) sha256=cb0329b62287a01db68eead46759c14497a3fae01b174e2c41da108a9e9b4a12
  simplecov (0.22.0) sha256=fe2622c7834ff23b98066bb0a854284b2729a569ac659f82621fc22ef36213a5
  simplecov-html (0.13.2) sha256=bd0b8e54e7c2d7685927e8d6286466359b6f16b18cb0df47b508e8d73c777246
  simplecov_json_formatter (0.1.4) sha256=529418fbe8de1713ac2b2d612aa3daa56d316975d307244399fa4838c601b428
  sqlite3 (2.9.0-arm64-darwin) sha256=a917bd9b84285766ff3300b7d79cd583f5a067594c8c1263e6441618c04a6ed3
  strings (0.2.1) sha256=933293b3c95cf85b81eb44b3cf673e3087661ba739bbadfeadf442083158d6fb
  strings-ansi (0.2.0) sha256=90262d760ea4a94cc2ae8d58205277a343409c288cbe7c29416b1826bd511c88
  thor (1.4.0) sha256=8763e822ccb0f1d7bee88cde131b19a65606657b847cc7b7b4b82e772bcd8a3d
  trak_flow (0.1.0)
  tty-color (0.6.0) sha256=6f9c37ca3a4e2367fb2e6d09722762647d6f455c111f05b59f35730eeb24332a
  tty-cursor (0.7.1) sha256=79534185e6a777888d88628b14b6a1fdf5154a603f285f80b1753e1908e0bf48
  tty-screen (0.8.2) sha256=c090652115beae764336c28802d633f204fb84da93c6a968aa5d8e319e819b50
  tty-spinner (0.9.3) sha256=0e036f047b4ffb61f2aa45f5a770ec00b4d04130531558a94bfc5b192b570542
  tty-table (0.12.0) sha256=fdc27a4750835c1a16efe19a0b857e3ced3652cc7aceafe6dca94908965b9939
  unicode-display_width (2.6.0) sha256=12279874bba6d5e4d2728cef814b19197dbb10d7a7837a869bab65da943b7f5a
  unicode_utils (1.4.0) sha256=b922d0cf2313b6b7136ada6645ce7154ffc86418ca07d53b058efe9eb72f2a40
  uri (1.1.1) sha256=379fa58d27ffb1387eaada68c749d1426738bd0f654d812fcc07e7568f5c57c6
  zeitwerk (2.7.4) sha256=2bef90f356bdafe9a6c2bd32bcd804f83a4f9b8bc27f3600fff051eb3edcec8b

BUNDLED WITH
  4.0.3
